
Microsoft Visual Studio Solution File, Format Version 12.00
# Visual Studio Version 16
VisualStudioVersion = 16.0.30204.135
MinimumVisualStudioVersion = 10.0.40219.1
Project("{FAE04EC0-301F-11D3-BF4B-00C04F79EFBC}") = "TicTacToe", "TicTacToe\TicTacToe.csproj", "{F1658CB0-CDD1-41C4-BAD7-E0D4B4BE0537}"
EndProject
Global
	GlobalSection(SolutionConfigurationPlatforms) = preSolution
		Debug|Any CPU = Debug|Any CPU
		Release|Any CPU = Release|Any CPU
	EndGlobalSection
	GlobalSection(ProjectConfigurationPlatforms) = postSolution
		{F1658CB0-CDD1-41C4-BAD7-E0D4B4BE0537}.Debug|Any CPU.ActiveCfg = Debug|Any CPU
		{F1658CB0-CDD1-41C4-BAD7-E0D4B4BE0537}.Debug|Any CPU.Build.0 = Debug|Any CPU
		{F1658CB0-CDD1-41C4-BAD7-E0D4B4BE0537}.Release|Any CPU.ActiveCfg = Release|Any CPU
		{F1658CB0-CDD1-41C4-BAD7-E0D4B4BE0537}.Release|Any CPU.Build.0 = Release|Any CPU
	EndGlobalSection
	GlobalSection(SolutionProperties) = preSolution
		HideSolutionNode = FALSE
	EndGlobalSection
	GlobalSection(ExtensibilityGlobals) = postSolution
		SolutionGuid = {EC2CD96B-F8B8-4B7E-A566-1C96B873EBBA}
	EndGlobalSection
EndGlobal
